
Microsoft Visual Studio Solution File, Format Version 12.00
# Visual Studio 2017
Project("{FAE04EC0-301F-11D3-BF4B-00C04F79EFBC}") = "UIExtentions", "UIExtentions.csproj", "{0C3D7A33-ADEC-D258-4749-976B102C1F3F}"
EndProject
Project("{FAE04EC0-301F-11D3-BF4B-00C04F79EFBC}") = "UIExtentions.Editor", "UIExtentions.Editor.csproj", "{B4963D77-8CE8-1C84-4420-7D1A79DBEB8F}"
EndProject
Global
	GlobalSection(SolutionConfigurationPlatforms) = preSolution
		Debug|Any CPU = Debug|Any CPU
		Release|Any CPU = Release|Any CPU
	EndGlobalSection
	GlobalSection(ProjectConfigurationPlatforms) = postSolution
		{0C3D7A33-ADEC-D258-4749-976B102C1F3F}.Debug|Any CPU.ActiveCfg = Debug|Any CPU
		{0C3D7A33-ADEC-D258-4749-976B102C1F3F}.Debug|Any CPU.Build.0 = Debug|Any CPU
		{0C3D7A33-ADEC-D258-4749-976B102C1F3F}.Release|Any CPU.ActiveCfg = Release|Any CPU
		{0C3D7A33-ADEC-D258-4749-976B102C1F3F}.Release|Any CPU.Build.0 = Release|Any CPU
		{B4963D77-8CE8-1C84-4420-7D1A79DBEB8F}.Debug|Any CPU.ActiveCfg = Debug|Any CPU
		{B4963D77-8CE8-1C84-4420-7D1A79DBEB8F}.Debug|Any CPU.Build.0 = Debug|Any CPU
		{B4963D77-8CE8-1C84-4420-7D1A79DBEB8F}.Release|Any CPU.ActiveCfg = Release|Any CPU
		{B4963D77-8CE8-1C84-4420-7D1A79DBEB8F}.Release|Any CPU.Build.0 = Release|Any CPU
	EndGlobalSection
	GlobalSection(SolutionProperties) = preSolution
		HideSolutionNode = FALSE
	EndGlobalSection
EndGlobal
